// !$*UTF8*$!
{
	archiveVersion = 1;
	classes = {
	};
	objectVersion = 56;
	objects = {

/* Begin PBXBuildFile section */
		1BAA93672A3D954C00267ABF /* TransactionList.swift in Sources */ = {isa = PBXBuildFile; fileRef = 1BAA93662A3D954C00267ABF /* TransactionList.swift */; };
		1BD037432A41CA06001B705B /* Collections in Frameworks */ = {isa = PBXBuildFile; productRef = 1BD037422A41CA06001B705B /* Collections */; };
		1BD037462A41CAA5001B705B /* SwiftUICharts in Frameworks */ = {isa = PBXBuildFile; productRef = 1BD037452A41CAA5001B705B /* SwiftUICharts */; };
		1BEE8BC12A3B1046001C141B /* ExpenseTrackApp.swift in Sources */ = {isa = PBXBuildFile; fileRef = 1BEE8BC02A3B1046001C141B /* ExpenseTrackApp.swift */; };
		1BEE8BC32A3B1046001C141B /* ContentView.swift in Sources */ = {isa = PBXBuildFile; fileRef = 1BEE8BC22A3B1046001C141B /* ContentView.swift */; };
		1BEE8BC52A3B1047001C141B /* Assets.xcassets in Resources */ = {isa = PBXBuildFile; fileRef = 1BEE8BC42A3B1047001C141B /* Assets.xcassets */; };
		1BEE8BC82A3B1047001C141B /* Preview Assets.xcassets in Resources */ = {isa = PBXBuildFile; fileRef = 1BEE8BC72A3B1047001C141B /* Preview Assets.xcassets */; };
		1BEE8BCF2A3B147A001C141B /* Extension.swift in Sources */ = {isa = PBXBuildFile; fileRef = 1BEE8BCE2A3B147A001C141B /* Extension.swift */; };
		1BEE8BD12A3B1C1F001C141B /* TransactionModel.swift in Sources */ = {isa = PBXBuildFile; fileRef = 1BEE8BD02A3B1C1F001C141B /* TransactionModel.swift */; };
		1BEE8BD32A3B1DF4001C141B /* PreviewData.swift in Sources */ = {isa = PBXBuildFile; fileRef = 1BEE8BD22A3B1DF4001C141B /* PreviewData.swift */; };
		1BEE8BD52A3B2097001C141B /* TransactionRow.swift in Sources */ = {isa = PBXBuildFile; fileRef = 1BEE8BD42A3B2097001C141B /* TransactionRow.swift */; };
		1BEE8BD82A3C18D5001C141B /* SwiftUIFontIcon in Frameworks */ = {isa = PBXBuildFile; productRef = 1BEE8BD72A3C18D5001C141B /* SwiftUIFontIcon */; };
		1BEE8BDA2A3C19FB001C141B /* TransactionListViewModel.swift in Sources */ = {isa = PBXBuildFile; fileRef = 1BEE8BD92A3C19FB001C141B /* TransactionListViewModel.swift */; };
		1BEE8BDC2A3C2E56001C141B /* RecentTransactionList.swift in Sources */ = {isa = PBXBuildFile; fileRef = 1BEE8BDB2A3C2E56001C141B /* RecentTransactionList.swift */; };
/* End PBXBuildFile section */

/* Begin PBXFileReference section */
		1BAA93662A3D954C00267ABF /* TransactionList.swift */ = {isa = PBXFileReference; lastKnownFileType = sourcecode.swift; path = TransactionList.swift; sourceTree = "<group>"; };
		1BEE8BBD2A3B1046001C141B /* ExpenseTrack.app */ = {isa = PBXFileReference; explicitFileType = wrapper.application; includeInIndex = 0; path = ExpenseTrack.app; sourceTree = BUILT_PRODUCTS_DIR; };
		1BEE8BC02A3B1046001C141B /* ExpenseTrackApp.swift */ = {isa = PBXFileReference; lastKnownFileType = sourcecode.swift; path = ExpenseTrackApp.swift; sourceTree = "<group>"; };
		1BEE8BC22A3B1046001C141B /* ContentView.swift */ = {isa = PBXFileReference; lastKnownFileType = sourcecode.swift; path = ContentView.swift; sourceTree = "<group>"; };
		1BEE8BC42A3B1047001C141B /* Assets.xcassets */ = {isa = PBXFileReference; lastKnownFileType = folder.assetcatalog; path = Assets.xcassets; sourceTree = "<group>"; };
		1BEE8BC72A3B1047001C141B /* Preview Assets.xcassets */ = {isa = PBXFileReference; lastKnownFileType = folder.assetcatalog; path = "Preview Assets.xcassets"; sourceTree = "<group>"; };
		1BEE8BCE2A3B147A001C141B /* Extension.swift */ = {isa = PBXFileReference; lastKnownFileType = sourcecode.swift; path = Extension.swift; sourceTree = "<group>"; };
		1BEE8BD02A3B1C1F001C141B /* TransactionModel.swift */ = {isa = PBXFileReference; lastKnownFileType = sourcecode.swift; path = TransactionModel.swift; sourceTree = "<group>"; };
		1BEE8BD22A3B1DF4001C141B /* PreviewData.swift */ = {isa = PBXFileReference; lastKnownFileType = sourcecode.swift; path = PreviewData.swift; sourceTree = "<group>"; };
		1BEE8BD42A3B2097001C141B /* TransactionRow.swift */ = {isa = PBXFileReference; lastKnownFileType = sourcecode.swift; path = TransactionRow.swift; sourceTree = "<group>"; };
		1BEE8BD92A3C19FB001C141B /* TransactionListViewModel.swift */ = {isa = PBXFileReference; lastKnownFileType = sourcecode.swift; path = TransactionListViewModel.swift; sourceTree = "<group>"; };
		1BEE8BDB2A3C2E56001C141B /* RecentTransactionList.swift */ = {isa = PBXFileReference; lastKnownFileType = sourcecode.swift; path = RecentTransactionList.swift; sourceTree = "<group>"; };
/* End PBXFileReference section */

/* Begin PBXFrameworksBuildPhase section */
		1BEE8BBA2A3B1046001C141B /* Frameworks */ = {
			isa = PBXFrameworksBuildPhase;
			buildActionMask = 2147483647;
			files = (
				1BD037462A41CAA5001B705B /* SwiftUICharts in Frameworks */,
				1BD037432A41CA06001B705B /* Collections in Frameworks */,
				1BEE8BD82A3C18D5001C141B /* SwiftUIFontIcon in Frameworks */,
			);
			runOnlyForDeploymentPostprocessing = 0;
		};
/* End PBXFrameworksBuildPhase section */

/* Begin PBXGroup section */
		1BEE8BB42A3B1046001C141B = {
			isa = PBXGroup;
			children = (
				1BEE8BBF2A3B1046001C141B /* ExpenseTrack */,
				1BEE8BBE2A3B1046001C141B /* Products */,
			);
			sourceTree = "<group>";
		};
		1BEE8BBE2A3B1046001C141B /* Products */ = {
			isa = PBXGroup;
			children = (
				1BEE8BBD2A3B1046001C141B /* ExpenseTrack.app */,
			);
			name = Products;
			sourceTree = "<group>";
		};
		1BEE8BBF2A3B1046001C141B /* ExpenseTrack */ = {
			isa = PBXGroup;
			children = (
				1BEE8BC02A3B1046001C141B /* ExpenseTrackApp.swift */,
				1BEE8BC22A3B1046001C141B /* ContentView.swift */,
				1BEE8BCE2A3B147A001C141B /* Extension.swift */,
				1BEE8BD02A3B1C1F001C141B /* TransactionModel.swift */,
				1BEE8BD42A3B2097001C141B /* TransactionRow.swift */,
				1BEE8BC42A3B1047001C141B /* Assets.xcassets */,
				1BEE8BD92A3C19FB001C141B /* TransactionListViewModel.swift */,
				1BEE8BDB2A3C2E56001C141B /* RecentTransactionList.swift */,
				1BAA93662A3D954C00267ABF /* TransactionList.swift */,
				1BEE8BC62A3B1047001C141B /* Preview Content */,
			);
			path = ExpenseTrack;
			sourceTree = "<group>";
		};
		1BEE8BC62A3B1047001C141B /* Preview Content */ = {
			isa = PBXGroup;
			children = (
				1BEE8BC72A3B1047001C141B /* Preview Assets.xcassets */,
				1BEE8BD22A3B1DF4001C141B /* PreviewData.swift */,
			);
			path = "Preview Content";
			sourceTree = "<group>";
		};
/* End PBXGroup section */

/* Begin PBXNativeTarget section */
		1BEE8BBC2A3B1046001C141B /* ExpenseTrack */ = {
			isa = PBXNativeTarget;
			buildConfigurationList = 1BEE8BCB2A3B1047001C141B /* Build configuration list for PBXNativeTarget "ExpenseTrack" */;
			buildPhases = (
				1BEE8BB92A3B1046001C141B /* Sources */,
				1BEE8BBA2A3B1046001C141B /* Frameworks */,
				1BEE8BBB2A3B1046001C141B /* Resources */,
			);
			buildRules = (
			);
			dependencies = (
			);
			name = ExpenseTrack;
			packageProductDependencies = (
				1BEE8BD72A3C18D5001C141B /* SwiftUIFontIcon */,
				1BD037422A41CA06001B705B /* Collections */,
				1BD037452A41CAA5001B705B /* SwiftUICharts */,
			);
			productName = ExpenseTrack;
			productReference = 1BEE8BBD2A3B1046001C141B /* ExpenseTrack.app */;
			productType = "com.apple.product-type.application";
		};
/* End PBXNativeTarget section */

/* Begin PBXProject section */
		1BEE8BB52A3B1046001C141B /* Project object */ = {
			isa = PBXProject;
			attributes = {
				BuildIndependentTargetsInParallel = 1;
				LastSwiftUpdateCheck = 1430;
				LastUpgradeCheck = 1430;
				TargetAttributes = {
					1BEE8BBC2A3B1046001C141B = {
						CreatedOnToolsVersion = 14.3.1;
					};
				};
			};
			buildConfigurationList = 1BEE8BB82A3B1046001C141B /* Build configuration list for PBXProject "ExpenseTrack" */;
			compatibilityVersion = "Xcode 14.0";
			developmentRegion = en;
			hasScannedForEncodings = 0;
			knownRegions = (
				en,
				Base,
			);
			mainGroup = 1BEE8BB42A3B1046001C141B;
			packageReferences = (
				1BEE8BD62A3C18D5001C141B /* XCRemoteSwiftPackageReference "SwiftUIFontIcon" */,
				1BD037412A41CA06001B705B /* XCRemoteSwiftPackageReference "swift-collections" */,
				1BD037442A41CAA5001B705B /* XCRemoteSwiftPackageReference "ChartView" */,
			);
			productRefGroup = 1BEE8BBE2A3B1046001C141B /* Products */;
			projectDirPath = "";
			projectRoot = "";
			targets = (
				1BEE8BBC2A3B1046001C141B /* ExpenseTrack */,
			);
		};
/* End PBXProject section */

/* Begin PBXResourcesBuildPhase section */
		1BEE8BBB2A3B1046001C141B /* Resources */ = {
			isa = PBXResourcesBuildPhase;
			buildActionMask = 2147483647;
			files = (
				1BEE8BC82A3B1047001C141B /* Preview Assets.xcassets in Resources */,
				1BEE8BC52A3B1047001C141B /* Assets.xcassets in Resources */,
			);
			runOnlyForDeploymentPostprocessing = 0;
		};
/* End PBXResourcesBuildPhase section */

/* Begin PBXSourcesBuildPhase section */
		1BEE8BB92A3B1046001C141B /* Sources */ = {
			isa = PBXSourcesBuildPhase;
			buildActionMask = 2147483647;
			files = (
				1BEE8BD32A3B1DF4001C141B /* PreviewData.swift in Sources */,
				1BAA93672A3D954C00267ABF /* TransactionList.swift in Sources */,
				1BEE8BCF2A3B147A001C141B /* Extension.swift in Sources */,
				1BEE8BC32A3B1046001C141B /* ContentView.swift in Sources */,
				1BEE8BD52A3B2097001C141B /* TransactionRow.swift in Sources */,
				1BEE8BD12A3B1C1F001C141B /* TransactionModel.swift in Sources */,
				1BEE8BC12A3B1046001C141B /* ExpenseTrackApp.swift in Sources */,
				1BEE8BDC2A3C2E56001C141B /* RecentTransactionList.swift in Sources */,
				1BEE8BDA2A3C19FB001C141B /* TransactionListViewModel.swift in Sources */,
			);
			runOnlyForDeploymentPostprocessing = 0;
		};
/* End PBXSourcesBuildPhase section */

/* Begin XCBuildConfiguration section */
		1BEE8BC92A3B1047001C141B /* Debug */ = {
			isa = XCBuildConfiguration;
			buildSettings = {
				ALWAYS_SEARCH_USER_PATHS = NO;
				CLANG_ANALYZER_NONNULL = YES;
				CLANG_ANALYZER_NUMBER_OBJECT_CONVERSION = YES_AGGRESSIVE;
				CLANG_CXX_LANGUAGE_STANDARD = "gnu++20";
				CLANG_ENABLE_MODULES = YES;
				CLANG_ENABLE_OBJC_ARC = YES;
				CLANG_ENABLE_OBJC_WEAK = YES;
				CLANG_WARN_BLOCK_CAPTURE_AUTORELEASING = YES;
				CLANG_WARN_BOOL_CONVERSION = YES;
				CLANG_WARN_COMMA = YES;
				CLANG_WARN_CONSTANT_CONVERSION = YES;
				CLANG_WARN_DEPRECATED_OBJC_IMPLEMENTATIONS = YES;
				CLANG_WARN_DIRECT_OBJC_ISA_USAGE = YES_ERROR;
				CLANG_WARN_DOCUMENTATION_COMMENTS = YES;
				CLANG_WARN_EMPTY_BODY = YES;
				CLANG_WARN_ENUM_CONVERSION = YES;
				CLANG_WARN_INFINITE_RECURSION = YES;
				CLANG_WARN_INT_CONVERSION = YES;
				CLANG_WARN_NON_LITERAL_NULL_CONVERSION = YES;
				CLANG_WARN_OBJC_IMPLICIT_RETAIN_SELF = YES;
				CLANG_WARN_OBJC_LITERAL_CONVERSION = YES;
				CLANG_WARN_OBJC_ROOT_CLASS = YES_ERROR;
				CLANG_WARN_QUOTED_INCLUDE_IN_FRAMEWORK_HEADER = YES;
				CLANG_WARN_RANGE_LOOP_ANALYSIS = YES;
				CLANG_WARN_STRICT_PROTOTYPES = YES;
				CLANG_WARN_SUSPICIOUS_MOVE = YES;
				CLANG_WARN_UNGUARDED_AVAILABILITY = YES_AGGRESSIVE;
				CLANG_WARN_UNREACHABLE_CODE = YES;
				CLANG_WARN__DUPLICATE_METHOD_MATCH = YES;
				COPY_PHASE_STRIP = NO;
				DEBUG_INFORMATION_FORMAT = dwarf;
				ENABLE_STRICT_OBJC_MSGSEND = YES;
				ENABLE_TESTABILITY = YES;
				GCC_C_LANGUAGE_STANDARD = gnu11;
				GCC_DYNAMIC_NO_PIC = NO;
				GCC_NO_COMMON_BLOCKS = YES;
				GCC_OPTIMIZATION_LEVEL = 0;
				GCC_PREPROCESSOR_DEFINITIONS = (
					"DEBUG=1",
					"$(inherited)",
				);
				GCC_WARN_64_TO_32_BIT_CONVERSION = YES;
				GCC_WARN_ABOUT_RETURN_TYPE = YES_ERROR;
				GCC_WARN_UNDECLARED_SELECTOR = YES;
				GCC_WARN_UNINITIALIZED_AUTOS = YES_AGGRESSIVE;
				GCC_WARN_UNUSED_FUNCTION = YES;
				GCC_WARN_UNUSED_VARIABLE = YES;
				IPHONEOS_DEPLOYMENT_TARGET = 16.4;
				MTL_ENABLE_DEBUG_INFO = INCLUDE_SOURCE;
				MTL_FAST_MATH = YES;
				ONLY_ACTIVE_ARCH = YES;
				SDKROOT = iphoneos;
				SWIFT_ACTIVE_COMPILATION_CONDITIONS = DEBUG;
				SWIFT_OPTIMIZATION_LEVEL = "-Onone";
			};
			name = Debug;
		};
		1BEE8BCA2A3B1047001C141B /* Release */ = {
			isa = XCBuildConfiguration;
			buildSettings = {
				ALWAYS_SEARCH_USER_PATHS = NO;
				CLANG_ANALYZER_NONNULL = YES;
				CLANG_ANALYZER_NUMBER_OBJECT_CONVERSION = YES_AGGRESSIVE;
				CLANG_CXX_LANGUAGE_STANDARD = "gnu++20";
				CLANG_ENABLE_MODULES = YES;
				CLANG_ENABLE_OBJC_ARC = YES;
				CLANG_ENABLE_OBJC_WEAK = YES;
				CLANG_WARN_BLOCK_CAPTURE_AUTORELEASING = YES;
				CLANG_WARN_BOOL_CONVERSION = YES;
				CLANG_WARN_COMMA = YES;
				CLANG_WARN_CONSTANT_CONVERSION = YES;
				CLANG_WARN_DEPRECATED_OBJC_IMPLEMENTATIONS = YES;
				CLANG_WARN_DIRECT_OBJC_ISA_USAGE = YES_ERROR;
				CLANG_WARN_DOCUMENTATION_COMMENTS = YES;
				CLANG_WARN_EMPTY_BODY = YES;
				CLANG_WARN_ENUM_CONVERSION = YES;
				CLANG_WARN_INFINITE_RECURSION = YES;
				CLANG_WARN_INT_CONVERSION = YES;
				CLANG_WARN_NON_LITERAL_NULL_CONVERSION = YES;
				CLANG_WARN_OBJC_IMPLICIT_RETAIN_SELF = YES;
				CLANG_WARN_OBJC_LITERAL_CONVERSION = YES;
				CLANG_WARN_OBJC_ROOT_CLASS = YES_ERROR;
				CLANG_WARN_QUOTED_INCLUDE_IN_FRAMEWORK_HEADER = YES;
				CLANG_WARN_RANGE_LOOP_ANALYSIS = YES;
				CLANG_WARN_STRICT_PROTOTYPES = YES;
				CLANG_WARN_SUSPICIOUS_MOVE = YES;
				CLANG_WARN_UNGUARDED_AVAILABILITY = YES_AGGRESSIVE;
				CLANG_WARN_UNREACHABLE_CODE = YES;
				CLANG_WARN__DUPLICATE_METHOD_MATCH = YES;
				COPY_PHASE_STRIP = NO;
				DEBUG_INFORMATION_FORMAT = "dwarf-with-dsym";
				ENABLE_NS_ASSERTIONS = NO;
				ENABLE_STRICT_OBJC_MSGSEND = YES;
				GCC_C_LANGUAGE_STANDARD = gnu11;
				GCC_NO_COMMON_BLOCKS = YES;
				GCC_WARN_64_TO_32_BIT_CONVERSION = YES;
				GCC_WARN_ABOUT_RETURN_TYPE = YES_ERROR;
				GCC_WARN_UNDECLARED_SELECTOR = YES;
				GCC_WARN_UNINITIALIZED_AUTOS = YES_AGGRESSIVE;
				GCC_WARN_UNUSED_FUNCTION = YES;
				GCC_WARN_UNUSED_VARIABLE = YES;
				IPHONEOS_DEPLOYMENT_TARGET = 16.4;
				MTL_ENABLE_DEBUG_INFO = NO;
				MTL_FAST_MATH = YES;
				SDKROOT = iphoneos;
				SWIFT_COMPILATION_MODE = wholemodule;
				SWIFT_OPTIMIZATION_LEVEL = "-O";
				VALIDATE_PRODUCT = YES;
			};
			name = Release;
		};
		1BEE8BCC2A3B1047001C141B /* Debug */ = {
			isa = XCBuildConfiguration;
			buildSettings = {
				ASSETCATALOG_COMPILER_APPICON_NAME = AppIcon;
				ASSETCATALOG_COMPILER_GLOBAL_ACCENT_COLOR_NAME = AccentColor;
				CODE_SIGN_STYLE = Automatic;
				CURRENT_PROJECT_VERSION = 1;
				DEVELOPMENT_ASSET_PATHS = "\"ExpenseTrack/Preview Content\"";
				DEVELOPMENT_TEAM = SMURB7VSDN;
				ENABLE_PREVIEWS = YES;
				GENERATE_INFOPLIST_FILE = YES;
				INFOPLIST_KEY_UIApplicationSceneManifest_Generation = YES;
				INFOPLIST_KEY_UIApplicationSupportsIndirectInputEvents = YES;
				INFOPLIST_KEY_UILaunchScreen_Generation = YES;
				INFOPLIST_KEY_UISupportedInterfaceOrientations_iPad = "UIInterfaceOrientationPortrait UIInterfaceOrientationPortraitUpsideDown UIInterfaceOrientationLandscapeLeft UIInterfaceOrientationLandscapeRight";
				INFOPLIST_KEY_UISupportedInterfaceOrientations_iPhone = "UIInterfaceOrientationPortrait UIInterfaceOrientationLandscapeLeft UIInterfaceOrientationLandscapeRight";
				LD_RUNPATH_SEARCH_PATHS = (
					"$(inherited)",
					"@executable_path/Frameworks",
				);
				MARKETING_VERSION = 1.0;
				PRODUCT_BUNDLE_IDENTIFIER = com.jatin.ExpenseTrack;
				PRODUCT_NAME = "$(TARGET_NAME)";
				SWIFT_EMIT_LOC_STRINGS = YES;
				SWIFT_VERSION = 5.0;
				TARGETED_DEVICE_FAMILY = "1,2";
			};
			name = Debug;
		};
		1BEE8BCD2A3B1047001C141B /* Release */ = {
			isa = XCBuildConfiguration;
			buildSettings = {
				ASSETCATALOG_COMPILER_APPICON_NAME = AppIcon;
				ASSETCATALOG_COMPILER_GLOBAL_ACCENT_COLOR_NAME = AccentColor;
				CODE_SIGN_STYLE = Automatic;
				CURRENT_PROJECT_VERSION = 1;
				DEVELOPMENT_ASSET_PATHS = "\"ExpenseTrack/Preview Content\"";
				DEVELOPMENT_TEAM = SMURB7VSDN;
				ENABLE_PREVIEWS = YES;
				GENERATE_INFOPLIST_FILE = YES;
				INFOPLIST_KEY_UIApplicationSceneManifest_Generation = YES;
				INFOPLIST_KEY_UIApplicationSupportsIndirectInputEvents = YES;
				INFOPLIST_KEY_UILaunchScreen_Generation = YES;
				INFOPLIST_KEY_UISupportedInterfaceOrientations_iPad = "UIInterfaceOrientationPortrait UIInterfaceOrientationPortraitUpsideDown UIInterfaceOrientationLandscapeLeft UIInterfaceOrientationLandscapeRight";
				INFOPLIST_KEY_UISupportedInterfaceOrientations_iPhone = "UIInterfaceOrientationPortrait UIInterfaceOrientationLandscapeLeft UIInterfaceOrientationLandscapeRight";
				LD_RUNPATH_SEARCH_PATHS = (
					"$(inherited)",
					"@executable_path/Frameworks",
				);
				MARKETING_VERSION = 1.0;
				PRODUCT_BUNDLE_IDENTIFIER = com.jatin.ExpenseTrack;
				PRODUCT_NAME = "$(TARGET_NAME)";
				SWIFT_EMIT_LOC_STRINGS = YES;
				SWIFT_VERSION = 5.0;
				TARGETED_DEVICE_FAMILY = "1,2";
			};
			name = Release;
		};
/* End XCBuildConfiguration section */

/* Begin XCConfigurationList section */
		1BEE8BB82A3B1046001C141B /* Build configuration list for PBXProject "ExpenseTrack" */ = {
			isa = XCConfigurationList;
			buildConfigurations = (
				1BEE8BC92A3B1047001C141B /* Debug */,
				1BEE8BCA2A3B1047001C141B /* Release */,
			);
			defaultConfigurationIsVisible = 0;
			defaultConfigurationName = Release;
		};
		1BEE8BCB2A3B1047001C141B /* Build configuration list for PBXNativeTarget "ExpenseTrack" */ = {
			isa = XCConfigurationList;
			buildConfigurations = (
				1BEE8BCC2A3B1047001C141B /* Debug */,
				1BEE8BCD2A3B1047001C141B /* Release */,
			);
			defaultConfigurationIsVisible = 0;
			defaultConfigurationName = Release;
		};
/* End XCConfigurationList section */

/* Begin XCRemoteSwiftPackageReference section */
		1BD037412A41CA06001B705B /* XCRemoteSwiftPackageReference "swift-collections" */ = {
			isa = XCRemoteSwiftPackageReference;
			repositoryURL = "https://github.com/apple/swift-collections.git";
			requirement = {
				kind = upToNextMajorVersion;
				minimumVersion = 1.0.4;
			};
		};
		1BD037442A41CAA5001B705B /* XCRemoteSwiftPackageReference "ChartView" */ = {
			isa = XCRemoteSwiftPackageReference;
			repositoryURL = "https://github.com/AppPear/ChartView";
			requirement = {
				kind = exactVersion;
				version = "2.0.0-beta.2";
			};
		};
		1BEE8BD62A3C18D5001C141B /* XCRemoteSwiftPackageReference "SwiftUIFontIcon" */ = {
			isa = XCRemoteSwiftPackageReference;
			repositoryURL = "https://github.com/huybuidac/SwiftUIFontIcon";
			requirement = {
				kind = upToNextMajorVersion;
				minimumVersion = 2.0.0;
			};
		};
/* End XCRemoteSwiftPackageReference section */

/* Begin XCSwiftPackageProductDependency section */
		1BD037422A41CA06001B705B /* Collections */ = {
			isa = XCSwiftPackageProductDependency;
			package = 1BD037412A41CA06001B705B /* XCRemoteSwiftPackageReference "swift-collections" */;
			productName = Collections;
		};
		1BD037452A41CAA5001B705B /* SwiftUICharts */ = {
			isa = XCSwiftPackageProductDependency;
			package = 1BD037442A41CAA5001B705B /* XCRemoteSwiftPackageReference "ChartView" */;
			productName = SwiftUICharts;
		};
		1BEE8BD72A3C18D5001C141B /* SwiftUIFontIcon */ = {
			isa = XCSwiftPackageProductDependency;
			package = 1BEE8BD62A3C18D5001C141B /* XCRemoteSwiftPackageReference "SwiftUIFontIcon" */;
			productName = SwiftUIFontIcon;
		};
/* End XCSwiftPackageProductDependency section */
	};
	rootObject = 1BEE8BB52A3B1046001C141B /* Project object */;
}
